
Microsoft Visual Studio Solution File, Format Version 12.00
# Visual Studio 15
Project("{FAE04EC0-301F-11D3-BF4B-00C04F79EFBC}") = "UnityEngine.TestRunner", "UnityEngine.TestRunner.csproj", "{2AEC875F-323D-E21B-20E4-D44B14814538}"
EndProject
Project("{FAE04EC0-301F-11D3-BF4B-00C04F79EFBC}") = "UnityEngine.UI", "UnityEngine.UI.csproj", "{3548B1CF-AB5F-47C7-7A56-74B7B86DD0A9}"
EndProject
Project("{FAE04EC0-301F-11D3-BF4B-00C04F79EFBC}") = "Unity.VisualScripting.Flow", "Unity.VisualScripting.Flow.csproj", "{FD9A1E8E-2BB0-2032-5666-2F472A58B837}"
EndProject
Project("{FAE04EC0-301F-11D3-BF4B-00C04F79EFBC}") = "Unity.XR.ARFoundation", "Unity.XR.ARFoundation.csproj", "{3507DAF7-3C03-6F9C-A714-8DE69F929CEE}"
EndProject
Project("{FAE04EC0-301F-11D3-BF4B-00C04F79EFBC}") = "Unity.XR.ARKit", "Unity.XR.ARKit.csproj", "{323A5613-1A56-1CE1-03BF-020633EA3C97}"
EndProject
Project("{FAE04EC0-301F-11D3-BF4B-00C04F79EFBC}") = "Unity.Services.Core.Telemetry", "Unity.Services.Core.Telemetry.csproj", "{4817F1B8-99AD-A571-F5DE-23ADE1BC645B}"
EndProject
Project("{FAE04EC0-301F-11D3-BF4B-00C04F79EFBC}") = "Unity.InputSystem", "Unity.InputSystem.csproj", "{D90A9873-3404-0D1F-3882-819D5A7C672B}"
EndProject
Project("{FAE04EC0-301F-11D3-BF4B-00C04F79EFBC}") = "Unity.XR.ARSubsystems", "Unity.XR.ARSubsystems.csproj", "{CDF69996-1AB9-A4B1-8A33-CA25390D8E51}"
EndProject
Project("{FAE04EC0-301F-11D3-BF4B-00C04F79EFBC}") = "Unity.XR.ARCore", "Unity.XR.ARCore.csproj", "{42188CF9-D530-C227-E271-835CF9826932}"
EndProject
Project("{FAE04EC0-301F-11D3-BF4B-00C04F79EFBC}") = "Unity.VisualScripting.State", "Unity.VisualScripting.State.csproj", "{77E26154-15C4-D76F-272B-FB6B7ECD72A8}"
EndProject
Project("{FAE04EC0-301F-11D3-BF4B-00C04F79EFBC}") = "Unity.VisualScripting.Core", "Unity.VisualScripting.Core.csproj", "{973D559A-1B07-0FBC-A50C-CA0A84D48172}"
EndProject
Project("{FAE04EC0-301F-11D3-BF4B-00C04F79EFBC}") = "UnityEngine.XR.MagicLeap", "UnityEngine.XR.MagicLeap.csproj", "{B9AE9CF9-9BDB-5D99-B481-41C3B7AF7658}"
EndProject
Project("{FAE04EC0-301F-11D3-BF4B-00C04F79EFBC}") = "Unity.XR.ARKit.FaceTracking", "Unity.XR.ARKit.FaceTracking.csproj", "{F91523FA-2577-84BC-9CB2-255CC87B5910}"
EndProject
Project("{FAE04EC0-301F-11D3-BF4B-00C04F79EFBC}") = "UnityEngine.XR.LegacyInputHelpers", "UnityEngine.XR.LegacyInputHelpers.csproj", "{AFDB9D5B-CD59-3BE0-09EF-68F03DCFE84A}"
EndProject
Project("{FAE04EC0-301F-11D3-BF4B-00C04F79EFBC}") = "Unity.Services.Core.Environments.Internal", "Unity.Services.Core.Environments.Internal.csproj", "{E04FD23A-9566-2F13-DA62-E887D175EBF1}"
EndProject
Project("{FAE04EC0-301F-11D3-BF4B-00C04F79EFBC}") = "Unity.TextMeshPro", "Unity.TextMeshPro.csproj", "{4C30B26C-1D4C-EAC7-1930-A2197F4FA03A}"
EndProject
Project("{FAE04EC0-301F-11D3-BF4B-00C04F79EFBC}") = "Unity.Timeline", "Unity.Timeline.csproj", "{51C19C5B-61E1-F1FF-12BD-3962231C0F3A}"
EndProject
Project("{FAE04EC0-301F-11D3-BF4B-00C04F79EFBC}") = "Unity.XR.OpenXR", "Unity.XR.OpenXR.csproj", "{56D9BEF2-B801-5309-E167-02BD1D7B84A9}"
EndProject
Project("{FAE04EC0-301F-11D3-BF4B-00C04F79EFBC}") = "Unity.Services.Core.Environments", "Unity.Services.Core.Environments.csproj", "{96F5C152-8EA8-2EFA-F129-1780F9F5D0A7}"
EndProject
Project("{FAE04EC0-301F-11D3-BF4B-00C04F79EFBC}") = "Unity.Services.Core.Internal", "Unity.Services.Core.Internal.csproj", "{85C97985-EFC6-4666-D58F-458805F92C62}"
EndProject
Project("{FAE04EC0-301F-11D3-BF4B-00C04F79EFBC}") = "Unity.Services.Core.Analytics", "Unity.Services.Core.Analytics.csproj", "{B0109DE2-A1D9-0ADB-1055-50A4F74514F0}"
EndProject
Project("{FAE04EC0-301F-11D3-BF4B-00C04F79EFBC}") = "Unity.Services.Core.Scheduler", "Unity.Services.Core.Scheduler.csproj", "{57E93863-6F75-9706-8FC3-DA66308731A4}"
EndProject
Project("{FAE04EC0-301F-11D3-BF4B-00C04F79EFBC}") = "Unity.Services.Core.Registration", "Unity.Services.Core.Registration.csproj", "{E89057C1-604B-3132-77E5-5A5EF3CD15B3}"
EndProject
Project("{FAE04EC0-301F-11D3-BF4B-00C04F79EFBC}") = "Unity.Services.Core.Device", "Unity.Services.Core.Device.csproj", "{6683A8A1-F630-E9F7-BAF8-A93F0832EE96}"
EndProject
Project("{FAE04EC0-301F-11D3-BF4B-00C04F79EFBC}") = "Unity.XR.Management", "Unity.XR.Management.csproj", "{8198ED2B-5458-BF42-AB25-7C6A3F9F4942}"
EndProject
Project("{FAE04EC0-301F-11D3-BF4B-00C04F79EFBC}") = "Unity.Services.Core.Threading", "Unity.Services.Core.Threading.csproj", "{143CCBD3-4E9D-A389-04B7-0B49C8DBF281}"
EndProject
Project("{FAE04EC0-301F-11D3-BF4B-00C04F79EFBC}") = "Unity.XR.InteractionSubsystems", "Unity.XR.InteractionSubsystems.csproj", "{B1FC8AFA-924E-A7DE-20E8-B4466B008EC5}"
EndProject
Project("{FAE04EC0-301F-11D3-BF4B-00C04F79EFBC}") = "Unity.Services.Core.Networking", "Unity.Services.Core.Networking.csproj", "{17BD508F-A197-54E2-FA62-5145F6AE374E}"
EndProject
Project("{FAE04EC0-301F-11D3-BF4B-00C04F79EFBC}") = "Unity.Services.Core", "Unity.Services.Core.csproj", "{72792120-7AFC-A78F-C86C-157FA5551BEA}"
EndProject
Project("{FAE04EC0-301F-11D3-BF4B-00C04F79EFBC}") = "Unity.XR.OpenXR.Features.RuntimeDebugger", "Unity.XR.OpenXR.Features.RuntimeDebugger.csproj", "{CFDFDC64-4430-4D75-90AF-E52EB9367DD5}"
EndProject
Project("{FAE04EC0-301F-11D3-BF4B-00C04F79EFBC}") = "Assembly-CSharp", "Assembly-CSharp.csproj", "{2E2BF687-BD5E-3CE7-ED87-04A22828D239}"
EndProject
Project("{FAE04EC0-301F-11D3-BF4B-00C04F79EFBC}") = "UnityEngine.SpatialTracking", "UnityEngine.SpatialTracking.csproj", "{3F9F6E4E-AE7B-0A96-E94D-430A355D8E37}"
EndProject
Project("{FAE04EC0-301F-11D3-BF4B-00C04F79EFBC}") = "Unity.Services.Core.Configuration", "Unity.Services.Core.Configuration.csproj", "{7FA513D5-FBA9-BF9C-E649-C4AB3F44999E}"
EndProject
Project("{FAE04EC0-301F-11D3-BF4B-00C04F79EFBC}") = "Unity.XR.OpenXR.Features.ConformanceAutomation", "Unity.XR.OpenXR.Features.ConformanceAutomation.csproj", "{0B436CD8-7215-5253-AA2F-3FCFE8C2A493}"
EndProject
Project("{FAE04EC0-301F-11D3-BF4B-00C04F79EFBC}") = "Unity.XR.OpenXR.Features.MockRuntime", "Unity.XR.OpenXR.Features.MockRuntime.csproj", "{6CC49ED1-D85B-E928-E633-547C8AD3786B}"
EndProject
Project("{FAE04EC0-301F-11D3-BF4B-00C04F79EFBC}") = "Unity.Subsystem.Registration", "Unity.Subsystem.Registration.csproj", "{43D7D719-30F3-CED0-9A99-8419734C4611}"
EndProject
Project("{FAE04EC0-301F-11D3-BF4B-00C04F79EFBC}") = "Unity.XR.OpenXR.Features.OculusQuestSupport", "Unity.XR.OpenXR.Features.OculusQuestSupport.csproj", "{B1307C74-4933-98CD-68AA-08459A6A83FC}"
EndProject
Project("{FAE04EC0-301F-11D3-BF4B-00C04F79EFBC}") = "Unity.PlasticSCM.Editor", "Unity.PlasticSCM.Editor.csproj", "{AB66D6A2-81F1-0ACA-E662-B8E40943D6B0}"
EndProject
Project("{FAE04EC0-301F-11D3-BF4B-00C04F79EFBC}") = "Unity.VisualScripting.Core.Editor", "Unity.VisualScripting.Core.Editor.csproj", "{7CE531AD-F6AB-6286-8B2F-B21BFA17FDE8}"
EndProject
Project("{FAE04EC0-301F-11D3-BF4B-00C04F79EFBC}") = "Unity.XR.OpenXR.Editor", "Unity.XR.OpenXR.Editor.csproj", "{1D819503-7828-7F66-DD69-97DC30C8A63C}"
EndProject
Project("{FAE04EC0-301F-11D3-BF4B-00C04F79EFBC}") = "Unity.VisualScripting.Flow.Editor", "Unity.VisualScripting.Flow.Editor.csproj", "{1ABE356E-AAC6-930A-3E5E-5C50D1B7B89B}"
EndProject
Project("{FAE04EC0-301F-11D3-BF4B-00C04F79EFBC}") = "Unity.VisualStudio.Editor", "Unity.VisualStudio.Editor.csproj", "{7D1F5177-199E-7EA3-8365-26B2D56C2DF7}"
EndProject
Project("{FAE04EC0-301F-11D3-BF4B-00C04F79EFBC}") = "Unity.Timeline.Editor", "Unity.Timeline.Editor.csproj", "{2E8D9FF8-BC87-6D0C-426D-08D2A532D06E}"
EndProject
Project("{FAE04EC0-301F-11D3-BF4B-00C04F79EFBC}") = "Unity.VisualScripting.State.Editor", "Unity.VisualScripting.State.Editor.csproj", "{5B9744BE-6038-CDF9-23C7-03CDB067A89E}"
EndProject
Project("{FAE04EC0-301F-11D3-BF4B-00C04F79EFBC}") = "Unity.TextMeshPro.Editor", "Unity.TextMeshPro.Editor.csproj", "{82CAE94C-2891-944E-CF90-7F9ED1BD96BC}"
EndProject
Project("{FAE04EC0-301F-11D3-BF4B-00C04F79EFBC}") = "Unity.VisualScripting.SettingsProvider.Editor", "Unity.VisualScripting.SettingsProvider.Editor.csproj", "{0F41DE12-2FAF-1E66-0AC2-C15D74235585}"
EndProject
Project("{FAE04EC0-301F-11D3-BF4B-00C04F79EFBC}") = "Unity.CollabProxy.Editor", "Unity.CollabProxy.Editor.csproj", "{986768CA-908E-20F5-DF4A-1B0B93BE62B5}"
EndProject
Project("{FAE04EC0-301F-11D3-BF4B-00C04F79EFBC}") = "UnityEditor.TestRunner", "UnityEditor.TestRunner.csproj", "{BE9F9708-0462-583B-6786-8216AC50F8E6}"
EndProject
Project("{FAE04EC0-301F-11D3-BF4B-00C04F79EFBC}") = "Unity.Services.Core.Editor", "Unity.Services.Core.Editor.csproj", "{F888CE0A-6E37-6C19-683B-BF9C7556E1A8}"
EndProject
Project("{FAE04EC0-301F-11D3-BF4B-00C04F79EFBC}") = "Unity.TestTools.CodeCoverage.Editor", "Unity.TestTools.CodeCoverage.Editor.csproj", "{924C7561-870C-B8E5-2184-AF6F30E23291}"
EndProject
Project("{FAE04EC0-301F-11D3-BF4B-00C04F79EFBC}") = "Unity.Rider.Editor", "Unity.Rider.Editor.csproj", "{6EBDE704-C94F-7DAC-0C75-A92DE280FD86}"
EndProject
Project("{FAE04EC0-301F-11D3-BF4B-00C04F79EFBC}") = "UnityEditor.XR.MagicLeap", "UnityEditor.XR.MagicLeap.csproj", "{4B20070D-32BA-E73A-4658-6C9639B58314}"
EndProject
Project("{FAE04EC0-301F-11D3-BF4B-00C04F79EFBC}") = "Unity.Performance.Profile-Analyzer.Editor", "Unity.Performance.Profile-Analyzer.Editor.csproj", "{C2B1B6FB-9066-705F-BFAF-AE79BEDDA5A0}"
EndProject
Project("{FAE04EC0-301F-11D3-BF4B-00C04F79EFBC}") = "Unity.XR.ARKit.Editor", "Unity.XR.ARKit.Editor.csproj", "{BA14DBB1-50E3-3165-1EE0-FCF19D987066}"
EndProject
Project("{FAE04EC0-301F-11D3-BF4B-00C04F79EFBC}") = "Unity.XR.ARKit.FaceTracking.Editor", "Unity.XR.ARKit.FaceTracking.Editor.csproj", "{D314E242-3F04-E4D6-07F3-4070AE0115D0}"
EndProject
Project("{FAE04EC0-301F-11D3-BF4B-00C04F79EFBC}") = "Unity.XR.Management.Editor", "Unity.XR.Management.Editor.csproj", "{30A5240F-E748-96A5-CFEF-B2999A5FBB60}"
EndProject
Project("{FAE04EC0-301F-11D3-BF4B-00C04F79EFBC}") = "Unity.VSCode.Editor", "Unity.VSCode.Editor.csproj", "{4C4BAFEA-ED29-1D43-5187-EA49FC6C9CB8}"
EndProject
Project("{FAE04EC0-301F-11D3-BF4B-00C04F79EFBC}") = "UnityEditor.UI", "UnityEditor.UI.csproj", "{C084F4D7-96D1-484B-B5E4-DECEE9EA688F}"
EndProject
Project("{FAE04EC0-301F-11D3-BF4B-00C04F79EFBC}") = "Unity.TestTools.CodeCoverage.Editor.OpenCover.Model", "Unity.TestTools.CodeCoverage.Editor.OpenCover.Model.csproj", "{ABDCA4DC-29BA-A84F-2C42-93915314618D}"
EndProject
Project("{FAE04EC0-301F-11D3-BF4B-00C04F79EFBC}") = "Unity.EditorCoroutines.Editor", "Unity.EditorCoroutines.Editor.csproj", "{D0DC3B62-E5C7-D1F2-07DF-9D60B7461A92}"
EndProject
Project("{FAE04EC0-301F-11D3-BF4B-00C04F79EFBC}") = "Unity.Settings.Editor", "Unity.Settings.Editor.csproj", "{D33E3573-7756-BFA7-EC0A-39387F4E2D0D}"
EndProject
Project("{FAE04EC0-301F-11D3-BF4B-00C04F79EFBC}") = "UnityEditor.SpatialTracking", "UnityEditor.SpatialTracking.csproj", "{6234D1D8-C687-B9B7-0F08-4CA15B105823}"
EndProject
Project("{FAE04EC0-301F-11D3-BF4B-00C04F79EFBC}") = "Unity.XR.ARCore.Editor", "Unity.XR.ARCore.Editor.csproj", "{268CFB0F-9808-36E5-8A0B-399E82B3C713}"
EndProject
Project("{FAE04EC0-301F-11D3-BF4B-00C04F79EFBC}") = "Unity.XR.ARFoundation.Editor", "Unity.XR.ARFoundation.Editor.csproj", "{A4736612-1769-7576-FD4D-FF7ECD41F70F}"
EndProject
Project("{FAE04EC0-301F-11D3-BF4B-00C04F79EFBC}") = "Unity.Services.Core.Configuration.Editor", "Unity.Services.Core.Configuration.Editor.csproj", "{3C36AAF2-EC8B-98D7-58A7-CDDD2665F5B4}"
EndProject
Project("{FAE04EC0-301F-11D3-BF4B-00C04F79EFBC}") = "UnityEditor.XR.LegacyInputHelpers", "UnityEditor.XR.LegacyInputHelpers.csproj", "{79A1FCB3-3768-5364-DD91-E58F30CC6C48}"
EndProject
Project("{FAE04EC0-301F-11D3-BF4B-00C04F79EFBC}") = "Unity.XR.ARSubsystems.Editor", "Unity.XR.ARSubsystems.Editor.csproj", "{AE830740-AC54-4EE2-AFAD-C6DBB566B07F}"
EndProject
Project("{FAE04EC0-301F-11D3-BF4B-00C04F79EFBC}") = "Unity.XR.OpenXR.Features.RuntimeDebugger.Editor", "Unity.XR.OpenXR.Features.RuntimeDebugger.Editor.csproj", "{1096ED27-196A-1E01-9F7A-11924A4F9336}"
EndProject
Project("{FAE04EC0-301F-11D3-BF4B-00C04F79EFBC}") = "Unity.TestTools.CodeCoverage.Editor.OpenCover.Mono.Reflection", "Unity.TestTools.CodeCoverage.Editor.OpenCover.Mono.Reflection.csproj", "{2B640028-975E-271F-C1F8-346A0DA51D78}"
EndProject
Project("{FAE04EC0-301F-11D3-BF4B-00C04F79EFBC}") = "Unity.VisualScripting.Shared.Editor", "Unity.VisualScripting.Shared.Editor.csproj", "{2015651F-66B2-A325-5182-E84D86157304}"
EndProject
Project("{FAE04EC0-301F-11D3-BF4B-00C04F79EFBC}") = "Unity.InternalAPIEditorBridge.005", "Unity.InternalAPIEditorBridge.005.csproj", "{FD44852F-DD7D-1F48-7985-046702EB271D}"
EndProject
Project("{FAE04EC0-301F-11D3-BF4B-00C04F79EFBC}") = "Unity.XR.OpenXR.Features.OculusQuestSupport.Editor", "Unity.XR.OpenXR.Features.OculusQuestSupport.Editor.csproj", "{89382686-1151-B337-6467-50FDB8D106CA}"
EndProject
Global
	GlobalSection(SolutionConfigurationPlatforms) = preSolution
		Debug|Any CPU = Debug|Any CPU
		Release|Any CPU = Release|Any CPU
	EndGlobalSection
	GlobalSection(ProjectConfigurationPlatforms) = postSolution
		{2AEC875F-323D-E21B-20E4-D44B14814538}.Debug|Any CPU.ActiveCfg = Debug|Any CPU
		{2AEC875F-323D-E21B-20E4-D44B14814538}.Debug|Any CPU.Build.0 = Debug|Any CPU
		{2AEC875F-323D-E21B-20E4-D44B14814538}.Release|Any CPU.ActiveCfg = Release|Any CPU
		{2AEC875F-323D-E21B-20E4-D44B14814538}.Release|Any CPU.Build.0 = Release|Any CPU
		{3548B1CF-AB5F-47C7-7A56-74B7B86DD0A9}.Debug|Any CPU.ActiveCfg = Debug|Any CPU
		{3548B1CF-AB5F-47C7-7A56-74B7B86DD0A9}.Debug|Any CPU.Build.0 = Debug|Any CPU
		{3548B1CF-AB5F-47C7-7A56-74B7B86DD0A9}.Release|Any CPU.ActiveCfg = Release|Any CPU
		{3548B1CF-AB5F-47C7-7A56-74B7B86DD0A9}.Release|Any CPU.Build.0 = Release|Any CPU
		{FD9A1E8E-2BB0-2032-5666-2F472A58B837}.Debug|Any CPU.ActiveCfg = Debug|Any CPU
		{FD9A1E8E-2BB0-2032-5666-2F472A58B837}.Debug|Any CPU.Build.0 = Debug|Any CPU
		{FD9A1E8E-2BB0-2032-5666-2F472A58B837}.Release|Any CPU.ActiveCfg = Release|Any CPU
		{FD9A1E8E-2BB0-2032-5666-2F472A58B837}.Release|Any CPU.Build.0 = Release|Any CPU
		{3507DAF7-3C03-6F9C-A714-8DE69F929CEE}.Debug|Any CPU.ActiveCfg = Debug|Any CPU
		{3507DAF7-3C03-6F9C-A714-8DE69F929CEE}.Debug|Any CPU.Build.0 = Debug|Any CPU
		{3507DAF7-3C03-6F9C-A714-8DE69F929CEE}.Release|Any CPU.ActiveCfg = Release|Any CPU
		{3507DAF7-3C03-6F9C-A714-8DE69F929CEE}.Release|Any CPU.Build.0 = Release|Any CPU
		{323A5613-1A56-1CE1-03BF-020633EA3C97}.Debug|Any CPU.ActiveCfg = Debug|Any CPU
		{323A5613-1A56-1CE1-03BF-020633EA3C97}.Debug|Any CPU.Build.0 = Debug|Any CPU
		{323A5613-1A56-1CE1-03BF-020633EA3C97}.Release|Any CPU.ActiveCfg = Release|Any CPU
		{323A5613-1A56-1CE1-03BF-020633EA3C97}.Release|Any CPU.Build.0 = Release|Any CPU
		{4817F1B8-99AD-A571-F5DE-23ADE1BC645B}.Debug|Any CPU.ActiveCfg = Debug|Any CPU
		{4817F1B8-99AD-A571-F5DE-23ADE1BC645B}.Debug|Any CPU.Build.0 = Debug|Any CPU
		{4817F1B8-99AD-A571-F5DE-23ADE1BC645B}.Release|Any CPU.ActiveCfg = Release|Any CPU
		{4817F1B8-99AD-A571-F5DE-23ADE1BC645B}.Release|Any CPU.Build.0 = Release|Any CPU
		{D90A9873-3404-0D1F-3882-819D5A7C672B}.Debug|Any CPU.ActiveCfg = Debug|Any CPU
		{D90A9873-3404-0D1F-3882-819D5A7C672B}.Debug|Any CPU.Build.0 = Debug|Any CPU
		{D90A9873-3404-0D1F-3882-819D5A7C672B}.Release|Any CPU.ActiveCfg = Release|Any CPU
		{D90A9873-3404-0D1F-3882-819D5A7C672B}.Release|Any CPU.Build.0 = Release|Any CPU
		{CDF69996-1AB9-A4B1-8A33-CA25390D8E51}.Debug|Any CPU.ActiveCfg = Debug|Any CPU
		{CDF69996-1AB9-A4B1-8A33-CA25390D8E51}.Debug|Any CPU.Build.0 = Debug|Any CPU
		{CDF69996-1AB9-A4B1-8A33-CA25390D8E51}.Release|Any CPU.ActiveCfg = Release|Any CPU
		{CDF69996-1AB9-A4B1-8A33-CA25390D8E51}.Release|Any CPU.Build.0 = Release|Any CPU
		{42188CF9-D530-C227-E271-835CF9826932}.Debug|Any CPU.ActiveCfg = Debug|Any CPU
		{42188CF9-D530-C227-E271-835CF9826932}.Debug|Any CPU.Build.0 = Debug|Any CPU
		{42188CF9-D530-C227-E271-835CF9826932}.Release|Any CPU.ActiveCfg = Release|Any CPU
		{42188CF9-D530-C227-E271-835CF9826932}.Release|Any CPU.Build.0 = Release|Any CPU
		{77E26154-15C4-D76F-272B-FB6B7ECD72A8}.Debug|Any CPU.ActiveCfg = Debug|Any CPU
		{77E26154-15C4-D76F-272B-FB6B7ECD72A8}.Debug|Any CPU.Build.0 = Debug|Any CPU
		{77E26154-15C4-D76F-272B-FB6B7ECD72A8}.Release|Any CPU.ActiveCfg = Release|Any CPU
		{77E26154-15C4-D76F-272B-FB6B7ECD72A8}.Release|Any CPU.Build.0 = Release|Any CPU
		{973D559A-1B07-0FBC-A50C-CA0A84D48172}.Debug|Any CPU.ActiveCfg = Debug|Any CPU
		{973D559A-1B07-0FBC-A50C-CA0A84D48172}.Debug|Any CPU.Build.0 = Debug|Any CPU
		{973D559A-1B07-0FBC-A50C-CA0A84D48172}.Release|Any CPU.ActiveCfg = Release|Any CPU
		{973D559A-1B07-0FBC-A50C-CA0A84D48172}.Release|Any CPU.Build.0 = Release|Any CPU
		{B9AE9CF9-9BDB-5D99-B481-41C3B7AF7658}.Debug|Any CPU.ActiveCfg = Debug|Any CPU
		{B9AE9CF9-9BDB-5D99-B481-41C3B7AF7658}.Debug|Any CPU.Build.0 = Debug|Any CPU
		{B9AE9CF9-9BDB-5D99-B481-41C3B7AF7658}.Release|Any CPU.ActiveCfg = Release|Any CPU
		{B9AE9CF9-9BDB-5D99-B481-41C3B7AF7658}.Release|Any CPU.Build.0 = Release|Any CPU
		{F91523FA-2577-84BC-9CB2-255CC87B5910}.Debug|Any CPU.ActiveCfg = Debug|Any CPU
		{F91523FA-2577-84BC-9CB2-255CC87B5910}.Debug|Any CPU.Build.0 = Debug|Any CPU
		{F91523FA-2577-84BC-9CB2-255CC87B5910}.Release|Any CPU.ActiveCfg = Release|Any CPU
		{F91523FA-2577-84BC-9CB2-255CC87B5910}.Release|Any CPU.Build.0 = Release|Any CPU
		{AFDB9D5B-CD59-3BE0-09EF-68F03DCFE84A}.Debug|Any CPU.ActiveCfg = Debug|Any CPU
		{AFDB9D5B-CD59-3BE0-09EF-68F03DCFE84A}.Debug|Any CPU.Build.0 = Debug|Any CPU
		{AFDB9D5B-CD59-3BE0-09EF-68F03DCFE84A}.Release|Any CPU.ActiveCfg = Release|Any CPU
		{AFDB9D5B-CD59-3BE0-09EF-68F03DCFE84A}.Release|Any CPU.Build.0 = Release|Any CPU
		{E04FD23A-9566-2F13-DA62-E887D175EBF1}.Debug|Any CPU.ActiveCfg = Debug|Any CPU
		{E04FD23A-9566-2F13-DA62-E887D175EBF1}.Debug|Any CPU.Build.0 = Debug|Any CPU
		{E04FD23A-9566-2F13-DA62-E887D175EBF1}.Release|Any CPU.ActiveCfg = Release|Any CPU
		{E04FD23A-9566-2F13-DA62-E887D175EBF1}.Release|Any CPU.Build.0 = Release|Any CPU
		{4C30B26C-1D4C-EAC7-1930-A2197F4FA03A}.Debug|Any CPU.ActiveCfg = Debug|Any CPU
		{4C30B26C-1D4C-EAC7-1930-A2197F4FA03A}.Debug|Any CPU.Build.0 = Debug|Any CPU
		{4C30B26C-1D4C-EAC7-1930-A2197F4FA03A}.Release|Any CPU.ActiveCfg = Release|Any CPU
		{4C30B26C-1D4C-EAC7-1930-A2197F4FA03A}.Release|Any CPU.Build.0 = Release|Any CPU
		{51C19C5B-61E1-F1FF-12BD-3962231C0F3A}.Debug|Any CPU.ActiveCfg = Debug|Any CPU
		{51C19C5B-61E1-F1FF-12BD-3962231C0F3A}.Debug|Any CPU.Build.0 = Debug|Any CPU
		{51C19C5B-61E1-F1FF-12BD-3962231C0F3A}.Release|Any CPU.ActiveCfg = Release|Any CPU
		{51C19C5B-61E1-F1FF-12BD-3962231C0F3A}.Release|Any CPU.Build.0 = Release|Any CPU
		{56D9BEF2-B801-5309-E167-02BD1D7B84A9}.Debug|Any CPU.ActiveCfg = Debug|Any CPU
		{56D9BEF2-B801-5309-E167-02BD1D7B84A9}.Debug|Any CPU.Build.0 = Debug|Any CPU
		{56D9BEF2-B801-5309-E167-02BD1D7B84A9}.Release|Any CPU.ActiveCfg = Release|Any CPU
		{56D9BEF2-B801-5309-E167-02BD1D7B84A9}.Release|Any CPU.Build.0 = Release|Any CPU
		{96F5C152-8EA8-2EFA-F129-1780F9F5D0A7}.Debug|Any CPU.ActiveCfg = Debug|Any CPU
		{96F5C152-8EA8-2EFA-F129-1780F9F5D0A7}.Debug|Any CPU.Build.0 = Debug|Any CPU
		{96F5C152-8EA8-2EFA-F129-1780F9F5D0A7}.Release|Any CPU.ActiveCfg = Release|Any CPU
		{96F5C152-8EA8-2EFA-F129-1780F9F5D0A7}.Release|Any CPU.Build.0 = Release|Any CPU
		{85C97985-EFC6-4666-D58F-458805F92C62}.Debug|Any CPU.ActiveCfg = Debug|Any CPU
		{85C97985-EFC6-4666-D58F-458805F92C62}.Debug|Any CPU.Build.0 = Debug|Any CPU
		{85C97985-EFC6-4666-D58F-458805F92C62}.Release|Any CPU.ActiveCfg = Release|Any CPU
		{85C97985-EFC6-4666-D58F-458805F92C62}.Release|Any CPU.Build.0 = Release|Any CPU
		{B0109DE2-A1D9-0ADB-1055-50A4F74514F0}.Debug|Any CPU.ActiveCfg = Debug|Any CPU
		{B0109DE2-A1D9-0ADB-1055-50A4F74514F0}.Debug|Any CPU.Build.0 = Debug|Any CPU
		{B0109DE2-A1D9-0ADB-1055-50A4F74514F0}.Release|Any CPU.ActiveCfg = Release|Any CPU
		{B0109DE2-A1D9-0ADB-1055-50A4F74514F0}.Release|Any CPU.Build.0 = Release|Any CPU
		{57E93863-6F75-9706-8FC3-DA66308731A4}.Debug|Any CPU.ActiveCfg = Debug|Any CPU
		{57E93863-6F75-9706-8FC3-DA66308731A4}.Debug|Any CPU.Build.0 = Debug|Any CPU
		{57E93863-6F75-9706-8FC3-DA66308731A4}.Release|Any CPU.ActiveCfg = Release|Any CPU
		{57E93863-6F75-9706-8FC3-DA66308731A4}.Release|Any CPU.Build.0 = Release|Any CPU
		{E89057C1-604B-3132-77E5-5A5EF3CD15B3}.Debug|Any CPU.ActiveCfg = Debug|Any CPU
		{E89057C1-604B-3132-77E5-5A5EF3CD15B3}.Debug|Any CPU.Build.0 = Debug|Any CPU
		{E89057C1-604B-3132-77E5-5A5EF3CD15B3}.Release|Any CPU.ActiveCfg = Release|Any CPU
		{E89057C1-604B-3132-77E5-5A5EF3CD15B3}.Release|Any CPU.Build.0 = Release|Any CPU
		{6683A8A1-F630-E9F7-BAF8-A93F0832EE96}.Debug|Any CPU.ActiveCfg = Debug|Any CPU
		{6683A8A1-F630-E9F7-BAF8-A93F0832EE96}.Debug|Any CPU.Build.0 = Debug|Any CPU
		{6683A8A1-F630-E9F7-BAF8-A93F0832EE96}.Release|Any CPU.ActiveCfg = Release|Any CPU
		{6683A8A1-F630-E9F7-BAF8-A93F0832EE96}.Release|Any CPU.Build.0 = Release|Any CPU
		{8198ED2B-5458-BF42-AB25-7C6A3F9F4942}.Debug|Any CPU.ActiveCfg = Debug|Any CPU
		{8198ED2B-5458-BF42-AB25-7C6A3F9F4942}.Debug|Any CPU.Build.0 = Debug|Any CPU
		{8198ED2B-5458-BF42-AB25-7C6A3F9F4942}.Release|Any CPU.ActiveCfg = Release|Any CPU
		{8198ED2B-5458-BF42-AB25-7C6A3F9F4942}.Release|Any CPU.Build.0 = Release|Any CPU
		{143CCBD3-4E9D-A389-04B7-0B49C8DBF281}.Debug|Any CPU.ActiveCfg = Debug|Any CPU
		{143CCBD3-4E9D-A389-04B7-0B49C8DBF281}.Debug|Any CPU.Build.0 = Debug|Any CPU
		{143CCBD3-4E9D-A389-04B7-0B49C8DBF281}.Release|Any CPU.ActiveCfg = Release|Any CPU
		{143CCBD3-4E9D-A389-04B7-0B49C8DBF281}.Release|Any CPU.Build.0 = Release|Any CPU
		{B1FC8AFA-924E-A7DE-20E8-B4466B008EC5}.Debug|Any CPU.ActiveCfg = Debug|Any CPU
		{B1FC8AFA-924E-A7DE-20E8-B4466B008EC5}.Debug|Any CPU.Build.0 = Debug|Any CPU
		{B1FC8AFA-924E-A7DE-20E8-B4466B008EC5}.Release|Any CPU.ActiveCfg = Release|Any CPU
		{B1FC8AFA-924E-A7DE-20E8-B4466B008EC5}.Release|Any CPU.Build.0 = Release|Any CPU
		{17BD508F-A197-54E2-FA62-5145F6AE374E}.Debug|Any CPU.ActiveCfg = Debug|Any CPU
		{17BD508F-A197-54E2-FA62-5145F6AE374E}.Debug|Any CPU.Build.0 = Debug|Any CPU
		{17BD508F-A197-54E2-FA62-5145F6AE374E}.Release|Any CPU.ActiveCfg = Release|Any CPU
		{17BD508F-A197-54E2-FA62-5145F6AE374E}.Release|Any CPU.Build.0 = Release|Any CPU
		{72792120-7AFC-A78F-C86C-157FA5551BEA}.Debug|Any CPU.ActiveCfg = Debug|Any CPU
		{72792120-7AFC-A78F-C86C-157FA5551BEA}.Debug|Any CPU.Build.0 = Debug|Any CPU
		{72792120-7AFC-A78F-C86C-157FA5551BEA}.Release|Any CPU.ActiveCfg = Release|Any CPU
		{72792120-7AFC-A78F-C86C-157FA5551BEA}.Release|Any CPU.Build.0 = Release|Any CPU
		{CFDFDC64-4430-4D75-90AF-E52EB9367DD5}.Debug|Any CPU.ActiveCfg = Debug|Any CPU
		{CFDFDC64-4430-4D75-90AF-E52EB9367DD5}.Debug|Any CPU.Build.0 = Debug|Any CPU
		{CFDFDC64-4430-4D75-90AF-E52EB9367DD5}.Release|Any CPU.ActiveCfg = Release|Any CPU
		{CFDFDC64-4430-4D75-90AF-E52EB9367DD5}.Release|Any CPU.Build.0 = Release|Any CPU
		{2E2BF687-BD5E-3CE7-ED87-04A22828D239}.Debug|Any CPU.ActiveCfg = Debug|Any CPU
		{2E2BF687-BD5E-3CE7-ED87-04A22828D239}.Debug|Any CPU.Build.0 = Debug|Any CPU
		{2E2BF687-BD5E-3CE7-ED87-04A22828D239}.Release|Any CPU.ActiveCfg = Release|Any CPU
		{2E2BF687-BD5E-3CE7-ED87-04A22828D239}.Release|Any CPU.Build.0 = Release|Any CPU
		{3F9F6E4E-AE7B-0A96-E94D-430A355D8E37}.Debug|Any CPU.ActiveCfg = Debug|Any CPU
		{3F9F6E4E-AE7B-0A96-E94D-430A355D8E37}.Debug|Any CPU.Build.0 = Debug|Any CPU
		{3F9F6E4E-AE7B-0A96-E94D-430A355D8E37}.Release|Any CPU.ActiveCfg = Release|Any CPU
		{3F9F6E4E-AE7B-0A96-E94D-430A355D8E37}.Release|Any CPU.Build.0 = Release|Any CPU
		{7FA513D5-FBA9-BF9C-E649-C4AB3F44999E}.Debug|Any CPU.ActiveCfg = Debug|Any CPU
		{7FA513D5-FBA9-BF9C-E649-C4AB3F44999E}.Debug|Any CPU.Build.0 = Debug|Any CPU
		{7FA513D5-FBA9-BF9C-E649-C4AB3F44999E}.Release|Any CPU.ActiveCfg = Release|Any CPU
		{7FA513D5-FBA9-BF9C-E649-C4AB3F44999E}.Release|Any CPU.Build.0 = Release|Any CPU
		{0B436CD8-7215-5253-AA2F-3FCFE8C2A493}.Debug|Any CPU.ActiveCfg = Debug|Any CPU
		{0B436CD8-7215-5253-AA2F-3FCFE8C2A493}.Debug|Any CPU.Build.0 = Debug|Any CPU
		{0B436CD8-7215-5253-AA2F-3FCFE8C2A493}.Release|Any CPU.ActiveCfg = Release|Any CPU
		{0B436CD8-7215-5253-AA2F-3FCFE8C2A493}.Release|Any CPU.Build.0 = Release|Any CPU
		{6CC49ED1-D85B-E928-E633-547C8AD3786B}.Debug|Any CPU.ActiveCfg = Debug|Any CPU
		{6CC49ED1-D85B-E928-E633-547C8AD3786B}.Debug|Any CPU.Build.0 = Debug|Any CPU
		{6CC49ED1-D85B-E928-E633-547C8AD3786B}.Release|Any CPU.ActiveCfg = Release|Any CPU
		{6CC49ED1-D85B-E928-E633-547C8AD3786B}.Release|Any CPU.Build.0 = Release|Any CPU
		{43D7D719-30F3-CED0-9A99-8419734C4611}.Debug|Any CPU.ActiveCfg = Debug|Any CPU
		{43D7D719-30F3-CED0-9A99-8419734C4611}.Debug|Any CPU.Build.0 = Debug|Any CPU
		{43D7D719-30F3-CED0-9A99-8419734C4611}.Release|Any CPU.ActiveCfg = Release|Any CPU
		{43D7D719-30F3-CED0-9A99-8419734C4611}.Release|Any CPU.Build.0 = Release|Any CPU
		{B1307C74-4933-98CD-68AA-08459A6A83FC}.Debug|Any CPU.ActiveCfg = Debug|Any CPU
		{B1307C74-4933-98CD-68AA-08459A6A83FC}.Debug|Any CPU.Build.0 = Debug|Any CPU
		{B1307C74-4933-98CD-68AA-08459A6A83FC}.Release|Any CPU.ActiveCfg = Release|Any CPU
		{B1307C74-4933-98CD-68AA-08459A6A83FC}.Release|Any CPU.Build.0 = Release|Any CPU
		{AB66D6A2-81F1-0ACA-E662-B8E40943D6B0}.Debug|Any CPU.ActiveCfg = Debug|Any CPU
		{AB66D6A2-81F1-0ACA-E662-B8E40943D6B0}.Debug|Any CPU.Build.0 = Debug|Any CPU
		{AB66D6A2-81F1-0ACA-E662-B8E40943D6B0}.Release|Any CPU.ActiveCfg = Release|Any CPU
		{AB66D6A2-81F1-0ACA-E662-B8E40943D6B0}.Release|Any CPU.Build.0 = Release|Any CPU
		{7CE531AD-F6AB-6286-8B2F-B21BFA17FDE8}.Debug|Any CPU.ActiveCfg = Debug|Any CPU
		{7CE531AD-F6AB-6286-8B2F-B21BFA17FDE8}.Debug|Any CPU.Build.0 = Debug|Any CPU
		{7CE531AD-F6AB-6286-8B2F-B21BFA17FDE8}.Release|Any CPU.ActiveCfg = Release|Any CPU
		{7CE531AD-F6AB-6286-8B2F-B21BFA17FDE8}.Release|Any CPU.Build.0 = Release|Any CPU
		{1D819503-7828-7F66-DD69-97DC30C8A63C}.Debug|Any CPU.ActiveCfg = Debug|Any CPU
		{1D819503-7828-7F66-DD69-97DC30C8A63C}.Debug|Any CPU.Build.0 = Debug|Any CPU
		{1D819503-7828-7F66-DD69-97DC30C8A63C}.Release|Any CPU.ActiveCfg = Release|Any CPU
		{1D819503-7828-7F66-DD69-97DC30C8A63C}.Release|Any CPU.Build.0 = Release|Any CPU
		{1ABE356E-AAC6-930A-3E5E-5C50D1B7B89B}.Debug|Any CPU.ActiveCfg = Debug|Any CPU
		{1ABE356E-AAC6-930A-3E5E-5C50D1B7B89B}.Debug|Any CPU.Build.0 = Debug|Any CPU
		{1ABE356E-AAC6-930A-3E5E-5C50D1B7B89B}.Release|Any CPU.ActiveCfg = Release|Any CPU
		{1ABE356E-AAC6-930A-3E5E-5C50D1B7B89B}.Release|Any CPU.Build.0 = Release|Any CPU
		{7D1F5177-199E-7EA3-8365-26B2D56C2DF7}.Debug|Any CPU.ActiveCfg = Debug|Any CPU
		{7D1F5177-199E-7EA3-8365-26B2D56C2DF7}.Debug|Any CPU.Build.0 = Debug|Any CPU
		{7D1F5177-199E-7EA3-8365-26B2D56C2DF7}.Release|Any CPU.ActiveCfg = Release|Any CPU
		{7D1F5177-199E-7EA3-8365-26B2D56C2DF7}.Release|Any CPU.Build.0 = Release|Any CPU
		{2E8D9FF8-BC87-6D0C-426D-08D2A532D06E}.Debug|Any CPU.ActiveCfg = Debug|Any CPU
		{2E8D9FF8-BC87-6D0C-426D-08D2A532D06E}.Debug|Any CPU.Build.0 = Debug|Any CPU
		{2E8D9FF8-BC87-6D0C-426D-08D2A532D06E}.Release|Any CPU.ActiveCfg = Release|Any CPU
		{2E8D9FF8-BC87-6D0C-426D-08D2A532D06E}.Release|Any CPU.Build.0 = Release|Any CPU
		{5B9744BE-6038-CDF9-23C7-03CDB067A89E}.Debug|Any CPU.ActiveCfg = Debug|Any CPU
		{5B9744BE-6038-CDF9-23C7-03CDB067A89E}.Debug|Any CPU.Build.0 = Debug|Any CPU
		{5B9744BE-6038-CDF9-23C7-03CDB067A89E}.Release|Any CPU.ActiveCfg = Release|Any CPU
		{5B9744BE-6038-CDF9-23C7-03CDB067A89E}.Release|Any CPU.Build.0 = Release|Any CPU
		{82CAE94C-2891-944E-CF90-7F9ED1BD96BC}.Debug|Any CPU.ActiveCfg = Debug|Any CPU
		{82CAE94C-2891-944E-CF90-7F9ED1BD96BC}.Debug|Any CPU.Build.0 = Debug|Any CPU
		{82CAE94C-2891-944E-CF90-7F9ED1BD96BC}.Release|Any CPU.ActiveCfg = Release|Any CPU
		{82CAE94C-2891-944E-CF90-7F9ED1BD96BC}.Release|Any CPU.Build.0 = Release|Any CPU
		{0F41DE12-2FAF-1E66-0AC2-C15D74235585}.Debug|Any CPU.ActiveCfg = Debug|Any CPU
		{0F41DE12-2FAF-1E66-0AC2-C15D74235585}.Debug|Any CPU.Build.0 = Debug|Any CPU
		{0F41DE12-2FAF-1E66-0AC2-C15D74235585}.Release|Any CPU.ActiveCfg = Release|Any CPU
		{0F41DE12-2FAF-1E66-0AC2-C15D74235585}.Release|Any CPU.Build.0 = Release|Any CPU
		{986768CA-908E-20F5-DF4A-1B0B93BE62B5}.Debug|Any CPU.ActiveCfg = Debug|Any CPU
		{986768CA-908E-20F5-DF4A-1B0B93BE62B5}.Debug|Any CPU.Build.0 = Debug|Any CPU
		{986768CA-908E-20F5-DF4A-1B0B93BE62B5}.Release|Any CPU.ActiveCfg = Release|Any CPU
		{986768CA-908E-20F5-DF4A-1B0B93BE62B5}.Release|Any CPU.Build.0 = Release|Any CPU
		{BE9F9708-0462-583B-6786-8216AC50F8E6}.Debug|Any CPU.ActiveCfg = Debug|Any CPU
		{BE9F9708-0462-583B-6786-8216AC50F8E6}.Debug|Any CPU.Build.0 = Debug|Any CPU
		{BE9F9708-0462-583B-6786-8216AC50F8E6}.Release|Any CPU.ActiveCfg = Release|Any CPU
		{BE9F9708-0462-583B-6786-8216AC50F8E6}.Release|Any CPU.Build.0 = Release|Any CPU
		{F888CE0A-6E37-6C19-683B-BF9C7556E1A8}.Debug|Any CPU.ActiveCfg = Debug|Any CPU
		{F888CE0A-6E37-6C19-683B-BF9C7556E1A8}.Debug|Any CPU.Build.0 = Debug|Any CPU
		{F888CE0A-6E37-6C19-683B-BF9C7556E1A8}.Release|Any CPU.ActiveCfg = Release|Any CPU
		{F888CE0A-6E37-6C19-683B-BF9C7556E1A8}.Release|Any CPU.Build.0 = Release|Any CPU
		{924C7561-870C-B8E5-2184-AF6F30E23291}.Debug|Any CPU.ActiveCfg = Debug|Any CPU
		{924C7561-870C-B8E5-2184-AF6F30E23291}.Debug|Any CPU.Build.0 = Debug|Any CPU
		{924C7561-870C-B8E5-2184-AF6F30E23291}.Release|Any CPU.ActiveCfg = Release|Any CPU
		{924C7561-870C-B8E5-2184-AF6F30E23291}.Release|Any CPU.Build.0 = Release|Any CPU
		{6EBDE704-C94F-7DAC-0C75-A92DE280FD86}.Debug|Any CPU.ActiveCfg = Debug|Any CPU
		{6EBDE704-C94F-7DAC-0C75-A92DE280FD86}.Debug|Any CPU.Build.0 = Debug|Any CPU
		{6EBDE704-C94F-7DAC-0C75-A92DE280FD86}.Release|Any CPU.ActiveCfg = Release|Any CPU
		{6EBDE704-C94F-7DAC-0C75-A92DE280FD86}.Release|Any CPU.Build.0 = Release|Any CPU
		{4B20070D-32BA-E73A-4658-6C9639B58314}.Debug|Any CPU.ActiveCfg = Debug|Any CPU
		{4B20070D-32BA-E73A-4658-6C9639B58314}.Debug|Any CPU.Build.0 = Debug|Any CPU
		{4B20070D-32BA-E73A-4658-6C9639B58314}.Release|Any CPU.ActiveCfg = Release|Any CPU
		{4B20070D-32BA-E73A-4658-6C9639B58314}.Release|Any CPU.Build.0 = Release|Any CPU
		{C2B1B6FB-9066-705F-BFAF-AE79BEDDA5A0}.Debug|Any CPU.ActiveCfg = Debug|Any CPU
		{C2B1B6FB-9066-705F-BFAF-AE79BEDDA5A0}.Debug|Any CPU.Build.0 = Debug|Any CPU
		{C2B1B6FB-9066-705F-BFAF-AE79BEDDA5A0}.Release|Any CPU.ActiveCfg = Release|Any CPU
		{C2B1B6FB-9066-705F-BFAF-AE79BEDDA5A0}.Release|Any CPU.Build.0 = Release|Any CPU
		{BA14DBB1-50E3-3165-1EE0-FCF19D987066}.Debug|Any CPU.ActiveCfg = Debug|Any CPU
		{BA14DBB1-50E3-3165-1EE0-FCF19D987066}.Debug|Any CPU.Build.0 = Debug|Any CPU
		{BA14DBB1-50E3-3165-1EE0-FCF19D987066}.Release|Any CPU.ActiveCfg = Release|Any CPU
		{BA14DBB1-50E3-3165-1EE0-FCF19D987066}.Release|Any CPU.Build.0 = Release|Any CPU
		{D314E242-3F04-E4D6-07F3-4070AE0115D0}.Debug|Any CPU.ActiveCfg = Debug|Any CPU
		{D314E242-3F04-E4D6-07F3-4070AE0115D0}.Debug|Any CPU.Build.0 = Debug|Any CPU
		{D314E242-3F04-E4D6-07F3-4070AE0115D0}.Release|Any CPU.ActiveCfg = Release|Any CPU
		{D314E242-3F04-E4D6-07F3-4070AE0115D0}.Release|Any CPU.Build.0 = Release|Any CPU
		{30A5240F-E748-96A5-CFEF-B2999A5FBB60}.Debug|Any CPU.ActiveCfg = Debug|Any CPU
		{30A5240F-E748-96A5-CFEF-B2999A5FBB60}.Debug|Any CPU.Build.0 = Debug|Any CPU
		{30A5240F-E748-96A5-CFEF-B2999A5FBB60}.Release|Any CPU.ActiveCfg = Release|Any CPU
		{30A5240F-E748-96A5-CFEF-B2999A5FBB60}.Release|Any CPU.Build.0 = Release|Any CPU
		{4C4BAFEA-ED29-1D43-5187-EA49FC6C9CB8}.Debug|Any CPU.ActiveCfg = Debug|Any CPU
		{4C4BAFEA-ED29-1D43-5187-EA49FC6C9CB8}.Debug|Any CPU.Build.0 = Debug|Any CPU
		{4C4BAFEA-ED29-1D43-5187-EA49FC6C9CB8}.Release|Any CPU.ActiveCfg = Release|Any CPU
		{4C4BAFEA-ED29-1D43-5187-EA49FC6C9CB8}.Release|Any CPU.Build.0 = Release|Any CPU
		{C084F4D7-96D1-484B-B5E4-DECEE9EA688F}.Debug|Any CPU.ActiveCfg = Debug|Any CPU
		{C084F4D7-96D1-484B-B5E4-DECEE9EA688F}.Debug|Any CPU.Build.0 = Debug|Any CPU
		{C084F4D7-96D1-484B-B5E4-DECEE9EA688F}.Release|Any CPU.ActiveCfg = Release|Any CPU
		{C084F4D7-96D1-484B-B5E4-DECEE9EA688F}.Release|Any CPU.Build.0 = Release|Any CPU
		{ABDCA4DC-29BA-A84F-2C42-93915314618D}.Debug|Any CPU.ActiveCfg = Debug|Any CPU
		{ABDCA4DC-29BA-A84F-2C42-93915314618D}.Debug|Any CPU.Build.0 = Debug|Any CPU
		{ABDCA4DC-29BA-A84F-2C42-93915314618D}.Release|Any CPU.ActiveCfg = Release|Any CPU
		{ABDCA4DC-29BA-A84F-2C42-93915314618D}.Release|Any CPU.Build.0 = Release|Any CPU
		{D0DC3B62-E5C7-D1F2-07DF-9D60B7461A92}.Debug|Any CPU.ActiveCfg = Debug|Any CPU
		{D0DC3B62-E5C7-D1F2-07DF-9D60B7461A92}.Debug|Any CPU.Build.0 = Debug|Any CPU
		{D0DC3B62-E5C7-D1F2-07DF-9D60B7461A92}.Release|Any CPU.ActiveCfg = Release|Any CPU
		{D0DC3B62-E5C7-D1F2-07DF-9D60B7461A92}.Release|Any CPU.Build.0 = Release|Any CPU
		{D33E3573-7756-BFA7-EC0A-39387F4E2D0D}.Debug|Any CPU.ActiveCfg = Debug|Any CPU
		{D33E3573-7756-BFA7-EC0A-39387F4E2D0D}.Debug|Any CPU.Build.0 = Debug|Any CPU
		{D33E3573-7756-BFA7-EC0A-39387F4E2D0D}.Release|Any CPU.ActiveCfg = Release|Any CPU
		{D33E3573-7756-BFA7-EC0A-39387F4E2D0D}.Release|Any CPU.Build.0 = Release|Any CPU
		{6234D1D8-C687-B9B7-0F08-4CA15B105823}.Debug|Any CPU.ActiveCfg = Debug|Any CPU
		{6234D1D8-C687-B9B7-0F08-4CA15B105823}.Debug|Any CPU.Build.0 = Debug|Any CPU
		{6234D1D8-C687-B9B7-0F08-4CA15B105823}.Release|Any CPU.ActiveCfg = Release|Any CPU
		{6234D1D8-C687-B9B7-0F08-4CA15B105823}.Release|Any CPU.Build.0 = Release|Any CPU
		{268CFB0F-9808-36E5-8A0B-399E82B3C713}.Debug|Any CPU.ActiveCfg = Debug|Any CPU
		{268CFB0F-9808-36E5-8A0B-399E82B3C713}.Debug|Any CPU.Build.0 = Debug|Any CPU
		{268CFB0F-9808-36E5-8A0B-399E82B3C713}.Release|Any CPU.ActiveCfg = Release|Any CPU
		{268CFB0F-9808-36E5-8A0B-399E82B3C713}.Release|Any CPU.Build.0 = Release|Any CPU
		{A4736612-1769-7576-FD4D-FF7ECD41F70F}.Debug|Any CPU.ActiveCfg = Debug|Any CPU
		{A4736612-1769-7576-FD4D-FF7ECD41F70F}.Debug|Any CPU.Build.0 = Debug|Any CPU
		{A4736612-1769-7576-FD4D-FF7ECD41F70F}.Release|Any CPU.ActiveCfg = Release|Any CPU
		{A4736612-1769-7576-FD4D-FF7ECD41F70F}.Release|Any CPU.Build.0 = Release|Any CPU
		{3C36AAF2-EC8B-98D7-58A7-CDDD2665F5B4}.Debug|Any CPU.ActiveCfg = Debug|Any CPU
		{3C36AAF2-EC8B-98D7-58A7-CDDD2665F5B4}.Debug|Any CPU.Build.0 = Debug|Any CPU
		{3C36AAF2-EC8B-98D7-58A7-CDDD2665F5B4}.Release|Any CPU.ActiveCfg = Release|Any CPU
		{3C36AAF2-EC8B-98D7-58A7-CDDD2665F5B4}.Release|Any CPU.Build.0 = Release|Any CPU
		{79A1FCB3-3768-5364-DD91-E58F30CC6C48}.Debug|Any CPU.ActiveCfg = Debug|Any CPU
		{79A1FCB3-3768-5364-DD91-E58F30CC6C48}.Debug|Any CPU.Build.0 = Debug|Any CPU
		{79A1FCB3-3768-5364-DD91-E58F30CC6C48}.Release|Any CPU.ActiveCfg = Release|Any CPU
		{79A1FCB3-3768-5364-DD91-E58F30CC6C48}.Release|Any CPU.Build.0 = Release|Any CPU
		{AE830740-AC54-4EE2-AFAD-C6DBB566B07F}.Debug|Any CPU.ActiveCfg = Debug|Any CPU
		{AE830740-AC54-4EE2-AFAD-C6DBB566B07F}.Debug|Any CPU.Build.0 = Debug|Any CPU
		{AE830740-AC54-4EE2-AFAD-C6DBB566B07F}.Release|Any CPU.ActiveCfg = Release|Any CPU
		{AE830740-AC54-4EE2-AFAD-C6DBB566B07F}.Release|Any CPU.Build.0 = Release|Any CPU
		{1096ED27-196A-1E01-9F7A-11924A4F9336}.Debug|Any CPU.ActiveCfg = Debug|Any CPU
		{1096ED27-196A-1E01-9F7A-11924A4F9336}.Debug|Any CPU.Build.0 = Debug|Any CPU
		{1096ED27-196A-1E01-9F7A-11924A4F9336}.Release|Any CPU.ActiveCfg = Release|Any CPU
		{1096ED27-196A-1E01-9F7A-11924A4F9336}.Release|Any CPU.Build.0 = Release|Any CPU
		{2B640028-975E-271F-C1F8-346A0DA51D78}.Debug|Any CPU.ActiveCfg = Debug|Any CPU
		{2B640028-975E-271F-C1F8-346A0DA51D78}.Debug|Any CPU.Build.0 = Debug|Any CPU
		{2B640028-975E-271F-C1F8-346A0DA51D78}.Release|Any CPU.ActiveCfg = Release|Any CPU
		{2B640028-975E-271F-C1F8-346A0DA51D78}.Release|Any CPU.Build.0 = Release|Any CPU
		{2015651F-66B2-A325-5182-E84D86157304}.Debug|Any CPU.ActiveCfg = Debug|Any CPU
		{2015651F-66B2-A325-5182-E84D86157304}.Debug|Any CPU.Build.0 = Debug|Any CPU
		{2015651F-66B2-A325-5182-E84D86157304}.Release|Any CPU.ActiveCfg = Release|Any CPU
		{2015651F-66B2-A325-5182-E84D86157304}.Release|Any CPU.Build.0 = Release|Any CPU
		{FD44852F-DD7D-1F48-7985-046702EB271D}.Debug|Any CPU.ActiveCfg = Debug|Any CPU
		{FD44852F-DD7D-1F48-7985-046702EB271D}.Debug|Any CPU.Build.0 = Debug|Any CPU
		{FD44852F-DD7D-1F48-7985-046702EB271D}.Release|Any CPU.ActiveCfg = Release|Any CPU
		{FD44852F-DD7D-1F48-7985-046702EB271D}.Release|Any CPU.Build.0 = Release|Any CPU
		{89382686-1151-B337-6467-50FDB8D106CA}.Debug|Any CPU.ActiveCfg = Debug|Any CPU
		{89382686-1151-B337-6467-50FDB8D106CA}.Debug|Any CPU.Build.0 = Debug|Any CPU
		{89382686-1151-B337-6467-50FDB8D106CA}.Release|Any CPU.ActiveCfg = Release|Any CPU
		{89382686-1151-B337-6467-50FDB8D106CA}.Release|Any CPU.Build.0 = Release|Any CPU
	EndGlobalSection
	GlobalSection(SolutionProperties) = preSolution
		HideSolutionNode = FALSE
	EndGlobalSection
EndGlobal
